
Microsoft Visual Studio Solution File, Format Version 11.00
# Visual Studio 2010
VisualStudioVersion = 12.0.30501.0
MinimumVisualStudioVersion = 10.0.40219.1
Project("{8BC9CEB8-8B4A-11D0-8D11-00A0C91BC942}") = "zlib", "externals\zlib\zlib.vcxproj", "{C23D8F6F-F9CB-4CB9-9D28-71F80398CE48}"
EndProject
Project("{8BC9CEB8-8B4A-11D0-8D11-00A0C91BC942}") = "glm", "externals\glm\glm.vcxproj", "{5C8CE43D-2BDA-40AD-A0A9-5CA146AF767B}"
EndProject
Project("{8BC9CEB8-8B4A-11D0-8D11-00A0C91BC942}") = "freeglut", "externals\freeglut\freeglut.vcxproj", "{C67DB687-5D0A-4E8D-BC0B-D554EC6D4B12}"
EndProject
Project("{8BC9CEB8-8B4A-11D0-8D11-00A0C91BC942}") = "glew", "externals\glew\glew.vcxproj", "{45E1F8E1-92E9-4602-B00C-10969E81CEE7}"
EndProject
Project("{2150E333-8FDC-42A3-9474-1A3956D46DE8}") = "externals", "externals", "{08ACE13F-058A-4627-A27C-939EC062556B}"
EndProject
Project("{2150E333-8FDC-42A3-9474-1A3956D46DE8}") = "source", "source", "{06AD06D4-6AB9-45A2-91B5-0AACD16712B2}"
EndProject
Project("{8BC9CEB8-8B4A-11D0-8D11-00A0C91BC942}") = "libpng", "externals\libpng\libpng.vcxproj", "{F78741CB-1AAE-460B-9841-4EDAB5C2A2BC}"
	ProjectSection(ProjectDependencies) = postProject
		{C23D8F6F-F9CB-4CB9-9D28-71F80398CE48} = {C23D8F6F-F9CB-4CB9-9D28-71F80398CE48}
	EndProjectSection
EndProject
Project("{8BC9CEB8-8B4A-11D0-8D11-00A0C91BC942}") = "GLUtils", "source\GLUtils\GLUtils.vcxproj", "{AFC1F5E8-83AC-4F37-84C1-E038525B0B1D}"
	ProjectSection(ProjectDependencies) = postProject
		{5C8CE43D-2BDA-40AD-A0A9-5CA146AF767B} = {5C8CE43D-2BDA-40AD-A0A9-5CA146AF767B}
		{C23D8F6F-F9CB-4CB9-9D28-71F80398CE48} = {C23D8F6F-F9CB-4CB9-9D28-71F80398CE48}
		{C67DB687-5D0A-4E8D-BC0B-D554EC6D4B12} = {C67DB687-5D0A-4E8D-BC0B-D554EC6D4B12}
		{F78741CB-1AAE-460B-9841-4EDAB5C2A2BC} = {F78741CB-1AAE-460B-9841-4EDAB5C2A2BC}
		{45E1F8E1-92E9-4602-B00C-10969E81CEE7} = {45E1F8E1-92E9-4602-B00C-10969E81CEE7}
	EndProjectSection
EndProject
Project("{8BC9CEB8-8B4A-11D0-8D11-00A0C91BC942}") = "Gui", "source\Gui\Gui.vcxproj", "{2A49EA28-BFC4-44B5-99EB-ACB668B8C929}"
EndProject
Project("{8BC9CEB8-8B4A-11D0-8D11-00A0C91BC942}") = "Application", "source\Application\Application.vcxproj", "{3CC6E9DF-5519-446B-8A39-60CB9746512D}"
EndProject
Project("{8BC9CEB8-8B4A-11D0-8D11-00A0C91BC942}") = "Terrain", "source\Terrain\Terrain.vcxproj", "{57D2E99C-C3CB-4177-AD3A-D2ACF68AB786}"
EndProject
Global
	GlobalSection(SolutionConfigurationPlatforms) = preSolution
		Debug|Mixed Platforms = Debug|Mixed Platforms
		Debug|Win32 = Debug|Win32
		Debug|x64 = Debug|x64
		Release|Mixed Platforms = Release|Mixed Platforms
		Release|Win32 = Release|Win32
		Release|x64 = Release|x64
	EndGlobalSection
	GlobalSection(ProjectConfigurationPlatforms) = postSolution
		{C23D8F6F-F9CB-4CB9-9D28-71F80398CE48}.Debug|Mixed Platforms.ActiveCfg = Debug|Win32
		{C23D8F6F-F9CB-4CB9-9D28-71F80398CE48}.Debug|Mixed Platforms.Build.0 = Debug|Win32
		{C23D8F6F-F9CB-4CB9-9D28-71F80398CE48}.Debug|Win32.ActiveCfg = Debug|Win32
		{C23D8F6F-F9CB-4CB9-9D28-71F80398CE48}.Debug|Win32.Build.0 = Debug|Win32
		{C23D8F6F-F9CB-4CB9-9D28-71F80398CE48}.Debug|x64.ActiveCfg = Debug|x64
		{C23D8F6F-F9CB-4CB9-9D28-71F80398CE48}.Debug|x64.Build.0 = Debug|x64
		{C23D8F6F-F9CB-4CB9-9D28-71F80398CE48}.Release|Mixed Platforms.ActiveCfg = Release|Win32
		{C23D8F6F-F9CB-4CB9-9D28-71F80398CE48}.Release|Mixed Platforms.Build.0 = Release|Win32
		{C23D8F6F-F9CB-4CB9-9D28-71F80398CE48}.Release|Win32.ActiveCfg = Release|Win32
		{C23D8F6F-F9CB-4CB9-9D28-71F80398CE48}.Release|Win32.Build.0 = Release|Win32
		{C23D8F6F-F9CB-4CB9-9D28-71F80398CE48}.Release|x64.ActiveCfg = Release|x64
		{C23D8F6F-F9CB-4CB9-9D28-71F80398CE48}.Release|x64.Build.0 = Release|x64
		{5C8CE43D-2BDA-40AD-A0A9-5CA146AF767B}.Debug|Mixed Platforms.ActiveCfg = Debug|Win32
		{5C8CE43D-2BDA-40AD-A0A9-5CA146AF767B}.Debug|Mixed Platforms.Build.0 = Debug|Win32
		{5C8CE43D-2BDA-40AD-A0A9-5CA146AF767B}.Debug|Win32.ActiveCfg = Debug|Win32
		{5C8CE43D-2BDA-40AD-A0A9-5CA146AF767B}.Debug|Win32.Build.0 = Debug|Win32
		{5C8CE43D-2BDA-40AD-A0A9-5CA146AF767B}.Debug|x64.ActiveCfg = Debug|x64
		{5C8CE43D-2BDA-40AD-A0A9-5CA146AF767B}.Debug|x64.Build.0 = Debug|x64
		{5C8CE43D-2BDA-40AD-A0A9-5CA146AF767B}.Release|Mixed Platforms.ActiveCfg = Release|Win32
		{5C8CE43D-2BDA-40AD-A0A9-5CA146AF767B}.Release|Mixed Platforms.Build.0 = Release|Win32
		{5C8CE43D-2BDA-40AD-A0A9-5CA146AF767B}.Release|Win32.ActiveCfg = Release|Win32
		{5C8CE43D-2BDA-40AD-A0A9-5CA146AF767B}.Release|Win32.Build.0 = Release|Win32
		{5C8CE43D-2BDA-40AD-A0A9-5CA146AF767B}.Release|x64.ActiveCfg = Release|x64
		{5C8CE43D-2BDA-40AD-A0A9-5CA146AF767B}.Release|x64.Build.0 = Release|x64
		{C67DB687-5D0A-4E8D-BC0B-D554EC6D4B12}.Debug|Mixed Platforms.ActiveCfg = Debug|Win32
		{C67DB687-5D0A-4E8D-BC0B-D554EC6D4B12}.Debug|Mixed Platforms.Build.0 = Debug|Win32
		{C67DB687-5D0A-4E8D-BC0B-D554EC6D4B12}.Debug|Win32.ActiveCfg = Debug|Win32
		{C67DB687-5D0A-4E8D-BC0B-D554EC6D4B12}.Debug|Win32.Build.0 = Debug|Win32
		{C67DB687-5D0A-4E8D-BC0B-D554EC6D4B12}.Debug|x64.ActiveCfg = Debug|x64
		{C67DB687-5D0A-4E8D-BC0B-D554EC6D4B12}.Debug|x64.Build.0 = Debug|x64
		{C67DB687-5D0A-4E8D-BC0B-D554EC6D4B12}.Release|Mixed Platforms.ActiveCfg = Release|Win32
		{C67DB687-5D0A-4E8D-BC0B-D554EC6D4B12}.Release|Mixed Platforms.Build.0 = Release|Win32
		{C67DB687-5D0A-4E8D-BC0B-D554EC6D4B12}.Release|Win32.ActiveCfg = Release|Win32
		{C67DB687-5D0A-4E8D-BC0B-D554EC6D4B12}.Release|Win32.Build.0 = Release|Win32
		{C67DB687-5D0A-4E8D-BC0B-D554EC6D4B12}.Release|x64.ActiveCfg = Release|x64
		{C67DB687-5D0A-4E8D-BC0B-D554EC6D4B12}.Release|x64.Build.0 = Release|x64
		{45E1F8E1-92E9-4602-B00C-10969E81CEE7}.Debug|Mixed Platforms.ActiveCfg = Debug|Win32
		{45E1F8E1-92E9-4602-B00C-10969E81CEE7}.Debug|Mixed Platforms.Build.0 = Debug|Win32
		{45E1F8E1-92E9-4602-B00C-10969E81CEE7}.Debug|Win32.ActiveCfg = Debug|Win32
		{45E1F8E1-92E9-4602-B00C-10969E81CEE7}.Debug|Win32.Build.0 = Debug|Win32
		{45E1F8E1-92E9-4602-B00C-10969E81CEE7}.Debug|x64.ActiveCfg = Debug|x64
		{45E1F8E1-92E9-4602-B00C-10969E81CEE7}.Debug|x64.Build.0 = Debug|x64
		{45E1F8E1-92E9-4602-B00C-10969E81CEE7}.Release|Mixed Platforms.ActiveCfg = Release|Win32
		{45E1F8E1-92E9-4602-B00C-10969E81CEE7}.Release|Mixed Platforms.Build.0 = Release|Win32
		{45E1F8E1-92E9-4602-B00C-10969E81CEE7}.Release|Win32.ActiveCfg = Release|Win32
		{45E1F8E1-92E9-4602-B00C-10969E81CEE7}.Release|Win32.Build.0 = Release|Win32
		{45E1F8E1-92E9-4602-B00C-10969E81CEE7}.Release|x64.ActiveCfg = Release|x64
		{45E1F8E1-92E9-4602-B00C-10969E81CEE7}.Release|x64.Build.0 = Release|x64
		{F78741CB-1AAE-460B-9841-4EDAB5C2A2BC}.Debug|Mixed Platforms.ActiveCfg = Debug|Win32
		{F78741CB-1AAE-460B-9841-4EDAB5C2A2BC}.Debug|Mixed Platforms.Build.0 = Debug|Win32
		{F78741CB-1AAE-460B-9841-4EDAB5C2A2BC}.Debug|Win32.ActiveCfg = Debug|Win32
		{F78741CB-1AAE-460B-9841-4EDAB5C2A2BC}.Debug|Win32.Build.0 = Debug|Win32
		{F78741CB-1AAE-460B-9841-4EDAB5C2A2BC}.Debug|x64.ActiveCfg = Debug|x64
		{F78741CB-1AAE-460B-9841-4EDAB5C2A2BC}.Debug|x64.Build.0 = Debug|x64
		{F78741CB-1AAE-460B-9841-4EDAB5C2A2BC}.Release|Mixed Platforms.ActiveCfg = Release|Win32
		{F78741CB-1AAE-460B-9841-4EDAB5C2A2BC}.Release|Mixed Platforms.Build.0 = Release|Win32
		{F78741CB-1AAE-460B-9841-4EDAB5C2A2BC}.Release|Win32.ActiveCfg = Release|Win32
		{F78741CB-1AAE-460B-9841-4EDAB5C2A2BC}.Release|Win32.Build.0 = Release|Win32
		{F78741CB-1AAE-460B-9841-4EDAB5C2A2BC}.Release|x64.ActiveCfg = Release|x64
		{F78741CB-1AAE-460B-9841-4EDAB5C2A2BC}.Release|x64.Build.0 = Release|x64
		{AFC1F5E8-83AC-4F37-84C1-E038525B0B1D}.Debug|Mixed Platforms.ActiveCfg = Debug|Win32
		{AFC1F5E8-83AC-4F37-84C1-E038525B0B1D}.Debug|Mixed Platforms.Build.0 = Debug|Win32
		{AFC1F5E8-83AC-4F37-84C1-E038525B0B1D}.Debug|Win32.ActiveCfg = Debug|Win32
		{AFC1F5E8-83AC-4F37-84C1-E038525B0B1D}.Debug|Win32.Build.0 = Debug|Win32
		{AFC1F5E8-83AC-4F37-84C1-E038525B0B1D}.Debug|x64.ActiveCfg = Debug|x64
		{AFC1F5E8-83AC-4F37-84C1-E038525B0B1D}.Debug|x64.Build.0 = Debug|x64
		{AFC1F5E8-83AC-4F37-84C1-E038525B0B1D}.Release|Mixed Platforms.ActiveCfg = Release|Win32
		{AFC1F5E8-83AC-4F37-84C1-E038525B0B1D}.Release|Mixed Platforms.Build.0 = Release|Win32
		{AFC1F5E8-83AC-4F37-84C1-E038525B0B1D}.Release|Win32.ActiveCfg = Release|Win32
		{AFC1F5E8-83AC-4F37-84C1-E038525B0B1D}.Release|Win32.Build.0 = Release|Win32
		{AFC1F5E8-83AC-4F37-84C1-E038525B0B1D}.Release|x64.ActiveCfg = Release|x64
		{AFC1F5E8-83AC-4F37-84C1-E038525B0B1D}.Release|x64.Build.0 = Release|x64
		{2A49EA28-BFC4-44B5-99EB-ACB668B8C929}.Debug|Mixed Platforms.ActiveCfg = Debug|Win32
		{2A49EA28-BFC4-44B5-99EB-ACB668B8C929}.Debug|Mixed Platforms.Build.0 = Debug|Win32
		{2A49EA28-BFC4-44B5-99EB-ACB668B8C929}.Debug|Win32.ActiveCfg = Debug|Win32
		{2A49EA28-BFC4-44B5-99EB-ACB668B8C929}.Debug|Win32.Build.0 = Debug|Win32
		{2A49EA28-BFC4-44B5-99EB-ACB668B8C929}.Debug|x64.ActiveCfg = Debug|x64
		{2A49EA28-BFC4-44B5-99EB-ACB668B8C929}.Debug|x64.Build.0 = Debug|x64
		{2A49EA28-BFC4-44B5-99EB-ACB668B8C929}.Release|Mixed Platforms.ActiveCfg = Release|Win32
		{2A49EA28-BFC4-44B5-99EB-ACB668B8C929}.Release|Mixed Platforms.Build.0 = Release|Win32
		{2A49EA28-BFC4-44B5-99EB-ACB668B8C929}.Release|Win32.ActiveCfg = Release|Win32
		{2A49EA28-BFC4-44B5-99EB-ACB668B8C929}.Release|Win32.Build.0 = Release|Win32
		{2A49EA28-BFC4-44B5-99EB-ACB668B8C929}.Release|x64.ActiveCfg = Release|x64
		{2A49EA28-BFC4-44B5-99EB-ACB668B8C929}.Release|x64.Build.0 = Release|x64
		{3CC6E9DF-5519-446B-8A39-60CB9746512D}.Debug|Mixed Platforms.ActiveCfg = Debug|Win32
		{3CC6E9DF-5519-446B-8A39-60CB9746512D}.Debug|Mixed Platforms.Build.0 = Debug|Win32
		{3CC6E9DF-5519-446B-8A39-60CB9746512D}.Debug|Win32.ActiveCfg = Debug|Win32
		{3CC6E9DF-5519-446B-8A39-60CB9746512D}.Debug|Win32.Build.0 = Debug|Win32
		{3CC6E9DF-5519-446B-8A39-60CB9746512D}.Debug|x64.ActiveCfg = Debug|x64
		{3CC6E9DF-5519-446B-8A39-60CB9746512D}.Debug|x64.Build.0 = Debug|x64
		{3CC6E9DF-5519-446B-8A39-60CB9746512D}.Release|Mixed Platforms.ActiveCfg = Release|Win32
		{3CC6E9DF-5519-446B-8A39-60CB9746512D}.Release|Mixed Platforms.Build.0 = Release|Win32
		{3CC6E9DF-5519-446B-8A39-60CB9746512D}.Release|Win32.ActiveCfg = Release|Win32
		{3CC6E9DF-5519-446B-8A39-60CB9746512D}.Release|Win32.Build.0 = Release|Win32
		{3CC6E9DF-5519-446B-8A39-60CB9746512D}.Release|x64.ActiveCfg = Release|x64
		{3CC6E9DF-5519-446B-8A39-60CB9746512D}.Release|x64.Build.0 = Release|x64
		{57D2E99C-C3CB-4177-AD3A-D2ACF68AB786}.Debug|Mixed Platforms.ActiveCfg = Debug|Win32
		{57D2E99C-C3CB-4177-AD3A-D2ACF68AB786}.Debug|Mixed Platforms.Build.0 = Debug|Win32
		{57D2E99C-C3CB-4177-AD3A-D2ACF68AB786}.Debug|Win32.ActiveCfg = Debug|Win32
		{57D2E99C-C3CB-4177-AD3A-D2ACF68AB786}.Debug|Win32.Build.0 = Debug|Win32
		{57D2E99C-C3CB-4177-AD3A-D2ACF68AB786}.Debug|x64.ActiveCfg = Debug|x64
		{57D2E99C-C3CB-4177-AD3A-D2ACF68AB786}.Debug|x64.Build.0 = Debug|x64
		{57D2E99C-C3CB-4177-AD3A-D2ACF68AB786}.Release|Mixed Platforms.ActiveCfg = Release|Win32
		{57D2E99C-C3CB-4177-AD3A-D2ACF68AB786}.Release|Mixed Platforms.Build.0 = Release|Win32
		{57D2E99C-C3CB-4177-AD3A-D2ACF68AB786}.Release|Win32.ActiveCfg = Release|Win32
		{57D2E99C-C3CB-4177-AD3A-D2ACF68AB786}.Release|Win32.Build.0 = Release|Win32
		{57D2E99C-C3CB-4177-AD3A-D2ACF68AB786}.Release|x64.ActiveCfg = Release|x64
		{57D2E99C-C3CB-4177-AD3A-D2ACF68AB786}.Release|x64.Build.0 = Release|x64
	EndGlobalSection
	GlobalSection(SolutionProperties) = preSolution
		HideSolutionNode = FALSE
	EndGlobalSection
	GlobalSection(NestedProjects) = preSolution
		{C23D8F6F-F9CB-4CB9-9D28-71F80398CE48} = {08ACE13F-058A-4627-A27C-939EC062556B}
		{5C8CE43D-2BDA-40AD-A0A9-5CA146AF767B} = {08ACE13F-058A-4627-A27C-939EC062556B}
		{C67DB687-5D0A-4E8D-BC0B-D554EC6D4B12} = {08ACE13F-058A-4627-A27C-939EC062556B}
		{45E1F8E1-92E9-4602-B00C-10969E81CEE7} = {08ACE13F-058A-4627-A27C-939EC062556B}
		{F78741CB-1AAE-460B-9841-4EDAB5C2A2BC} = {08ACE13F-058A-4627-A27C-939EC062556B}
		{AFC1F5E8-83AC-4F37-84C1-E038525B0B1D} = {06AD06D4-6AB9-45A2-91B5-0AACD16712B2}
		{2A49EA28-BFC4-44B5-99EB-ACB668B8C929} = {06AD06D4-6AB9-45A2-91B5-0AACD16712B2}
		{3CC6E9DF-5519-446B-8A39-60CB9746512D} = {06AD06D4-6AB9-45A2-91B5-0AACD16712B2}
		{57D2E99C-C3CB-4177-AD3A-D2ACF68AB786} = {06AD06D4-6AB9-45A2-91B5-0AACD16712B2}
	EndGlobalSection
EndGlobal
